
Microsoft Visual Studio Solution File, Format Version 12.00
# Visual Studio 15
VisualStudioVersion = 15.0.26124.0
MinimumVisualStudioVersion = 15.0.26124.0
Project("{2150E333-8FDC-42A3-9474-1A3956D46DE8}") = "src", "src", "{27A676C6-593D-4B39-9D97-E45183B6EC62}"
EndProject
Project("{2150E333-8FDC-42A3-9474-1A3956D46DE8}") = "client", "client", "{CA147E2E-E586-45FD-9FD1-C1922C89294C}"
EndProject
Project("{F2A71F9B-5D33-465A-A702-920D77279786}") = "client", "src\client\fsharp\client.fsproj", "{9B6FE1F5-717D-487D-8A6B-07394193216B}"
EndProject
Global
	GlobalSection(SolutionConfigurationPlatforms) = preSolution
		Debug|Any CPU = Debug|Any CPU
		Debug|x64 = Debug|x64
		Debug|x86 = Debug|x86
		Release|Any CPU = Release|Any CPU
		Release|x64 = Release|x64
		Release|x86 = Release|x86
	EndGlobalSection
	GlobalSection(SolutionProperties) = preSolution
		HideSolutionNode = FALSE
	EndGlobalSection
	GlobalSection(ProjectConfigurationPlatforms) = postSolution
		{9B6FE1F5-717D-487D-8A6B-07394193216B}.Debug|Any CPU.ActiveCfg = Debug|Any CPU
		{9B6FE1F5-717D-487D-8A6B-07394193216B}.Debug|Any CPU.Build.0 = Debug|Any CPU
		{9B6FE1F5-717D-487D-8A6B-07394193216B}.Debug|x64.ActiveCfg = Debug|Any CPU
		{9B6FE1F5-717D-487D-8A6B-07394193216B}.Debug|x64.Build.0 = Debug|Any CPU
		{9B6FE1F5-717D-487D-8A6B-07394193216B}.Debug|x86.ActiveCfg = Debug|Any CPU
		{9B6FE1F5-717D-487D-8A6B-07394193216B}.Debug|x86.Build.0 = Debug|Any CPU
		{9B6FE1F5-717D-487D-8A6B-07394193216B}.Release|Any CPU.ActiveCfg = Release|Any CPU
		{9B6FE1F5-717D-487D-8A6B-07394193216B}.Release|Any CPU.Build.0 = Release|Any CPU
		{9B6FE1F5-717D-487D-8A6B-07394193216B}.Release|x64.ActiveCfg = Release|Any CPU
		{9B6FE1F5-717D-487D-8A6B-07394193216B}.Release|x64.Build.0 = Release|Any CPU
		{9B6FE1F5-717D-487D-8A6B-07394193216B}.Release|x86.ActiveCfg = Release|Any CPU
		{9B6FE1F5-717D-487D-8A6B-07394193216B}.Release|x86.Build.0 = Release|Any CPU
	EndGlobalSection
	GlobalSection(NestedProjects) = preSolution
		{CA147E2E-E586-45FD-9FD1-C1922C89294C} = {27A676C6-593D-4B39-9D97-E45183B6EC62}
		{9B6FE1F5-717D-487D-8A6B-07394193216B} = {CA147E2E-E586-45FD-9FD1-C1922C89294C}
	EndGlobalSection
EndGlobal
